
Microsoft Visual Studio Solution File, Format Version 12.00
# Visual Studio 2013
VisualStudioVersion = 12.0.21005.1
MinimumVisualStudioVersion = 10.0.40219.1
Project("{FAE04EC0-301F-11D3-BF4B-00C04F79EFBC}") = "NintxUrlShortener", "NintxUrlShortener\NintxUrlShortener.csproj", "{7E7F49FA-A1AB-4B5E-8AAA-B5AA331954B4}"
EndProject
Project("{FAE04EC0-301F-11D3-BF4B-00C04F79EFBC}") = "NintxUrlShortener.Tests", "NintxUrlShortener.Tests\NintxUrlShortener.Tests.csproj", "{96DDC445-4033-4D1C-8CD7-F7669D2DDFB0}"
EndProject
Project("{FAE04EC0-301F-11D3-BF4B-00C04F79EFBC}") = "NintxUrlShortener.UrlProcessing", "NintxUrlShortener.UrlProcessing\NintxUrlShortener.UrlProcessing.csproj", "{AF4A625F-84AB-469C-9C77-431CFB24C675}"
EndProject
Project("{FAE04EC0-301F-11D3-BF4B-00C04F79EFBC}") = "NintxUrlShortener.UrlProcessing.Test", "NintxUrlShortener.UrlProcessing.Test\NintxUrlShortener.UrlProcessing.Test.csproj", "{7BD1104B-A624-4D6E-953D-4A3E6E0F55F4}"
EndProject
Project("{FAE04EC0-301F-11D3-BF4B-00C04F79EFBC}") = "NintxUrlShortener.Storage", "NintxUrlShortener.Database\NintxUrlShortener.Storage.csproj", "{C7E3896D-008A-4238-93D8-71728FC5F042}"
EndProject
Global
	GlobalSection(SolutionConfigurationPlatforms) = preSolution
		Debug|Any CPU = Debug|Any CPU
		Release|Any CPU = Release|Any CPU
	EndGlobalSection
	GlobalSection(ProjectConfigurationPlatforms) = postSolution
		{7E7F49FA-A1AB-4B5E-8AAA-B5AA331954B4}.Debug|Any CPU.ActiveCfg = Debug|Any CPU
		{7E7F49FA-A1AB-4B5E-8AAA-B5AA331954B4}.Debug|Any CPU.Build.0 = Debug|Any CPU
		{7E7F49FA-A1AB-4B5E-8AAA-B5AA331954B4}.Release|Any CPU.ActiveCfg = Release|Any CPU
		{7E7F49FA-A1AB-4B5E-8AAA-B5AA331954B4}.Release|Any CPU.Build.0 = Release|Any CPU
		{96DDC445-4033-4D1C-8CD7-F7669D2DDFB0}.Debug|Any CPU.ActiveCfg = Debug|Any CPU
		{96DDC445-4033-4D1C-8CD7-F7669D2DDFB0}.Debug|Any CPU.Build.0 = Debug|Any CPU
		{96DDC445-4033-4D1C-8CD7-F7669D2DDFB0}.Release|Any CPU.ActiveCfg = Release|Any CPU
		{96DDC445-4033-4D1C-8CD7-F7669D2DDFB0}.Release|Any CPU.Build.0 = Release|Any CPU
		{AF4A625F-84AB-469C-9C77-431CFB24C675}.Debug|Any CPU.ActiveCfg = Debug|Any CPU
		{AF4A625F-84AB-469C-9C77-431CFB24C675}.Debug|Any CPU.Build.0 = Debug|Any CPU
		{AF4A625F-84AB-469C-9C77-431CFB24C675}.Release|Any CPU.ActiveCfg = Release|Any CPU
		{AF4A625F-84AB-469C-9C77-431CFB24C675}.Release|Any CPU.Build.0 = Release|Any CPU
		{7BD1104B-A624-4D6E-953D-4A3E6E0F55F4}.Debug|Any CPU.ActiveCfg = Debug|Any CPU
		{7BD1104B-A624-4D6E-953D-4A3E6E0F55F4}.Debug|Any CPU.Build.0 = Debug|Any CPU
		{7BD1104B-A624-4D6E-953D-4A3E6E0F55F4}.Release|Any CPU.ActiveCfg = Release|Any CPU
		{7BD1104B-A624-4D6E-953D-4A3E6E0F55F4}.Release|Any CPU.Build.0 = Release|Any CPU
		{C7E3896D-008A-4238-93D8-71728FC5F042}.Debug|Any CPU.ActiveCfg = Debug|Any CPU
		{C7E3896D-008A-4238-93D8-71728FC5F042}.Debug|Any CPU.Build.0 = Debug|Any CPU
		{C7E3896D-008A-4238-93D8-71728FC5F042}.Release|Any CPU.ActiveCfg = Release|Any CPU
		{C7E3896D-008A-4238-93D8-71728FC5F042}.Release|Any CPU.Build.0 = Release|Any CPU
	EndGlobalSection
	GlobalSection(SolutionProperties) = preSolution
		HideSolutionNode = FALSE
	EndGlobalSection
EndGlobal
